
Microsoft Visual Studio Solution File, Format Version 12.00
# Visual Studio 15
VisualStudioVersion = 15.0.27004.2006
MinimumVisualStudioVersion = 10.0.40219.1
Project("{9A19103F-16F7-4668-BE54-9A1E7A4F7556}") = "Bijection", "src\Bijection\Bijection.csproj", "{F620375A-FC0B-4745-BA27-93272D8F088E}"
EndProject
Project("{9A19103F-16F7-4668-BE54-9A1E7A4F7556}") = "Bijection.Tests", "test\Bijection.Tests\Bijection.Tests.csproj", "{D44AC240-2F82-4D8C-A917-534AF21EE56B}"
EndProject
Global
	GlobalSection(SolutionConfigurationPlatforms) = preSolution
		Debug|Any CPU = Debug|Any CPU
		Release|Any CPU = Release|Any CPU
	EndGlobalSection
	GlobalSection(ProjectConfigurationPlatforms) = postSolution
		{F620375A-FC0B-4745-BA27-93272D8F088E}.Debug|Any CPU.ActiveCfg = Debug|Any CPU
		{F620375A-FC0B-4745-BA27-93272D8F088E}.Debug|Any CPU.Build.0 = Debug|Any CPU
		{F620375A-FC0B-4745-BA27-93272D8F088E}.Release|Any CPU.ActiveCfg = Release|Any CPU
		{F620375A-FC0B-4745-BA27-93272D8F088E}.Release|Any CPU.Build.0 = Release|Any CPU
		{D44AC240-2F82-4D8C-A917-534AF21EE56B}.Debug|Any CPU.ActiveCfg = Debug|Any CPU
		{D44AC240-2F82-4D8C-A917-534AF21EE56B}.Debug|Any CPU.Build.0 = Debug|Any CPU
		{D44AC240-2F82-4D8C-A917-534AF21EE56B}.Release|Any CPU.ActiveCfg = Release|Any CPU
		{D44AC240-2F82-4D8C-A917-534AF21EE56B}.Release|Any CPU.Build.0 = Release|Any CPU
	EndGlobalSection
	GlobalSection(SolutionProperties) = preSolution
		HideSolutionNode = FALSE
	EndGlobalSection
	GlobalSection(ExtensibilityGlobals) = postSolution
		SolutionGuid = {AE87EBB0-4DC5-4A4D-96AA-CD773F6CE09C}
	EndGlobalSection
EndGlobal
