
Microsoft Visual Studio Solution File, Format Version 12.00
# Visual Studio 14
VisualStudioVersion = 14.0.25123.0
MinimumVisualStudioVersion = 10.0.40219.1
Project("{2150E333-8FDC-42A3-9474-1A3956D46DE8}") = "src", "src", "{FFC56292-D0E0-4F2E-8261-2BAADC1EE866}"
EndProject
Project("{2150E333-8FDC-42A3-9474-1A3956D46DE8}") = "test", "test", "{DDC61746-2446-4F5D-A9DC-F1C7C6D7FFBC}"
EndProject
Project("{8BB2217D-0F2D-49D1-97BC-3654ED321F3B}") = "Bijection", "src\Bijection\Bijection.xproj", "{F620375A-FC0B-4745-BA27-93272D8F088E}"
EndProject
Project("{8BB2217D-0F2D-49D1-97BC-3654ED321F3B}") = "Bijection.Tests", "test\Bijection.Tests\Bijection.Tests.xproj", "{D44AC240-2F82-4D8C-A917-534AF21EE56B}"
EndProject
Global
	GlobalSection(SolutionConfigurationPlatforms) = preSolution
		Debug|Any CPU = Debug|Any CPU
		Release|Any CPU = Release|Any CPU
	EndGlobalSection
	GlobalSection(ProjectConfigurationPlatforms) = postSolution
		{F620375A-FC0B-4745-BA27-93272D8F088E}.Debug|Any CPU.ActiveCfg = Debug|Any CPU
		{F620375A-FC0B-4745-BA27-93272D8F088E}.Debug|Any CPU.Build.0 = Debug|Any CPU
		{F620375A-FC0B-4745-BA27-93272D8F088E}.Release|Any CPU.ActiveCfg = Release|Any CPU
		{F620375A-FC0B-4745-BA27-93272D8F088E}.Release|Any CPU.Build.0 = Release|Any CPU
		{D44AC240-2F82-4D8C-A917-534AF21EE56B}.Debug|Any CPU.ActiveCfg = Debug|Any CPU
		{D44AC240-2F82-4D8C-A917-534AF21EE56B}.Debug|Any CPU.Build.0 = Debug|Any CPU
		{D44AC240-2F82-4D8C-A917-534AF21EE56B}.Release|Any CPU.ActiveCfg = Release|Any CPU
		{D44AC240-2F82-4D8C-A917-534AF21EE56B}.Release|Any CPU.Build.0 = Release|Any CPU
	EndGlobalSection
	GlobalSection(SolutionProperties) = preSolution
		HideSolutionNode = FALSE
	EndGlobalSection
	GlobalSection(NestedProjects) = preSolution
		{F620375A-FC0B-4745-BA27-93272D8F088E} = {FFC56292-D0E0-4F2E-8261-2BAADC1EE866}
		{D44AC240-2F82-4D8C-A917-534AF21EE56B} = {DDC61746-2446-4F5D-A9DC-F1C7C6D7FFBC}
	EndGlobalSection
EndGlobal
